
Microsoft Visual Studio Solution File, Format Version 12.00
# Visual Studio Version 17
VisualStudioVersion = 17.2.32630.192
MinimumVisualStudioVersion = 10.0.40219.1
Project("{FAE04EC0-301F-11D3-BF4B-00C04F79EFBC}") = "Count_Days_Final", "Count_Days_Final\Count_Days_Final.csproj", "{9454E73B-6196-40B5-80B0-0B1D893D423B}"
EndProject
Global
	GlobalSection(SolutionConfigurationPlatforms) = preSolution
		Debug|Any CPU = Debug|Any CPU
		Release|Any CPU = Release|Any CPU
	EndGlobalSection
	GlobalSection(ProjectConfigurationPlatforms) = postSolution
		{9454E73B-6196-40B5-80B0-0B1D893D423B}.Debug|Any CPU.ActiveCfg = Debug|Any CPU
		{9454E73B-6196-40B5-80B0-0B1D893D423B}.Debug|Any CPU.Build.0 = Debug|Any CPU
		{9454E73B-6196-40B5-80B0-0B1D893D423B}.Release|Any CPU.ActiveCfg = Release|Any CPU
		{9454E73B-6196-40B5-80B0-0B1D893D423B}.Release|Any CPU.Build.0 = Release|Any CPU
	EndGlobalSection
	GlobalSection(SolutionProperties) = preSolution
		HideSolutionNode = FALSE
	EndGlobalSection
	GlobalSection(ExtensibilityGlobals) = postSolution
		SolutionGuid = {125E95BB-2767-4D6A-A0E5-138B31B711BA}
	EndGlobalSection
EndGlobal
